{
  "name": "binance-bot",
  "lockfileVersion": 2,
  "requires": true,
  "packages": {
    "": {
      "dependencies": {
        "ccxt": "^1.90.86",
        "delay": "^5.0.0",
        "moment": "^2.29.4",
        "nodejs": "^0.0.0"
      }
    },
    "node_modules/ccxt": {
      "version": "1.90.86",
      "resolved": "https://registry.npmjs.org/ccxt/-/ccxt-1.90.86.tgz",
      "integrity": "sha512-F1CEML0ODQzGpFMlmrn9y6r+DNQsNtMp/oFz9w7xCwf5WWnN3ZXi/Y25WVtNhVuqlaQxJ0Sl2BBXw9uycPea6Q==",
      "hasInstallScript": true,
      "engines": {
        "node": ">=10.4.0"
      }
    },
    "node_modules/delay": {
      "version": "5.0.0",
      "resolved": "https://registry.npmjs.org/delay/-/delay-5.0.0.tgz",
      "integrity": "sha512-ReEBKkIfe4ya47wlPYf/gu5ib6yUG0/Aez0JQZQz94kiWtRQvZIQbTiehsnwHvLSWJnQdhVeqYue7Id1dKr0qw==",
      "engines": {
        "node": ">=10"
      },
      "funding": {
        "url": "https://github.com/sponsors/sindresorhus"
      }
    },
    "node_modules/moment": {
      "version": "2.29.4",
      "resolved": "https://registry.npmjs.org/moment/-/moment-2.29.4.tgz",
      "integrity": "sha512-5LC9SOxjSc2HF6vO2CyuTDNivEdoz2IvyJJGj6X8DJ0eFyfszE0QiEd+iXmBvUP3WHxSjFH/vIsA0EN00cgr8w==",
      "engines": {
        "node": "*"
      }
    },
    "node_modules/nodejs": {
      "version": "0.0.0",
      "resolved": "https://registry.npmjs.org/nodejs/-/nodejs-0.0.0.tgz",
      "integrity": "sha512-1V+0HwaB/dhxzidEFc4uJ3k52gLI4B6YBZgJIofjwYCSAkD6CI0me6TDBT2QM2nbGWNxCHcq9/wVynzQYZOhUg=="
    }
  },
  "dependencies": {
    "ccxt": {
      "version": "1.90.86",
      "resolved": "https://registry.npmjs.org/ccxt/-/ccxt-1.90.86.tgz",
      "integrity": "sha512-F1CEML0ODQzGpFMlmrn9y6r+DNQsNtMp/oFz9w7xCwf5WWnN3ZXi/Y25WVtNhVuqlaQxJ0Sl2BBXw9uycPea6Q=="
    },
    "delay": {
      "version": "5.0.0",
      "resolved": "https://registry.npmjs.org/delay/-/delay-5.0.0.tgz",
      "integrity": "sha512-ReEBKkIfe4ya47wlPYf/gu5ib6yUG0/Aez0JQZQz94kiWtRQvZIQbTiehsnwHvLSWJnQdhVeqYue7Id1dKr0qw=="
    },
    "moment": {
      "version": "2.29.4",
      "resolved": "https://registry.npmjs.org/moment/-/moment-2.29.4.tgz",
      "integrity": "sha512-5LC9SOxjSc2HF6vO2CyuTDNivEdoz2IvyJJGj6X8DJ0eFyfszE0QiEd+iXmBvUP3WHxSjFH/vIsA0EN00cgr8w=="
    },
    "nodejs": {
      "version": "0.0.0",
      "resolved": "https://registry.npmjs.org/nodejs/-/nodejs-0.0.0.tgz",
      "integrity": "sha512-1V+0HwaB/dhxzidEFc4uJ3k52gLI4B6YBZgJIofjwYCSAkD6CI0me6TDBT2QM2nbGWNxCHcq9/wVynzQYZOhUg=="
    }
  }
}
